
Microsoft Visual Studio Solution File, Format Version 10.00
# Visual Studio 2008
Project("{2150E333-8FDC-42A3-9474-1A3956D46DE8}") = "Codecs", "Codecs", "{1E79BA3E-996A-4511-B5A8-1D438F8ADF70}"
EndProject
Project("{8BC9CEB8-8B4A-11D0-8D11-00A0C91BC942}") = "BonkEnc", "BonkEnc.vcproj", "{F121548C-5FD2-4E54-89AB-37671DE3CC76}"
EndProject
Project("{8BC9CEB8-8B4A-11D0-8D11-00A0C91BC942}") = "BonkEncGUI", "..\BonkEncGUI\BonkEncGUI.vcproj", "{92DE9054-BD7A-4D35-9E87-1B48C3F892FE}"
	ProjectSection(ProjectDependencies) = postProject
		{F121548C-5FD2-4E54-89AB-37671DE3CC76} = {F121548C-5FD2-4E54-89AB-37671DE3CC76}
	EndProjectSection
EndProject
Project("{4CAA2610-1955-4629-BDC1-8133FE0B2087}") = "BonkEnc AQtime", "..\BonkEnc AQtime\BonkEnc AQtime.aqt", "{9DCDB39B-DDE1-4AD7-831F-B3FB37647973}"
EndProject
Project("{8BC9CEB8-8B4A-11D0-8D11-00A0C91BC942}") = "BonkEncCMD", "..\BonkEncCMD\BonkEncCMD.vcproj", "{190BD1FD-37A3-4DC6-9CD8-D03599C2D86D}"
	ProjectSection(ProjectDependencies) = postProject
		{F121548C-5FD2-4E54-89AB-37671DE3CC76} = {F121548C-5FD2-4E54-89AB-37671DE3CC76}
	EndProjectSection
EndProject
Project("{8BC9CEB8-8B4A-11D0-8D11-00A0C91BC942}") = "aoTuV", "..\Codecs\aoTuV\aoTuV.vcproj", "{5543499A-FFF7-4FE4-9411-8DCE060F1E36}"
EndProject
Project("{8BC9CEB8-8B4A-11D0-8D11-00A0C91BC942}") = "Ogg", "..\Codecs\Ogg\Ogg.vcproj", "{04B72AD0-A0B3-43C5-A44B-5035FEF37A10}"
EndProject
Global
	GlobalSection(SolutionConfigurationPlatforms) = preSolution
		Debug|Win32 = Debug|Win32
		Debug|x64 = Debug|x64
		Release|Win32 = Release|Win32
		Release|x64 = Release|x64
	EndGlobalSection
	GlobalSection(ProjectConfigurationPlatforms) = postSolution
		{F121548C-5FD2-4E54-89AB-37671DE3CC76}.Debug|Win32.ActiveCfg = Debug|Win32
		{F121548C-5FD2-4E54-89AB-37671DE3CC76}.Debug|Win32.Build.0 = Debug|Win32
		{F121548C-5FD2-4E54-89AB-37671DE3CC76}.Debug|x64.ActiveCfg = Debug|x64
		{F121548C-5FD2-4E54-89AB-37671DE3CC76}.Debug|x64.Build.0 = Debug|x64
		{F121548C-5FD2-4E54-89AB-37671DE3CC76}.Release|Win32.ActiveCfg = Release|Win32
		{F121548C-5FD2-4E54-89AB-37671DE3CC76}.Release|Win32.Build.0 = Release|Win32
		{F121548C-5FD2-4E54-89AB-37671DE3CC76}.Release|x64.ActiveCfg = Release|x64
		{F121548C-5FD2-4E54-89AB-37671DE3CC76}.Release|x64.Build.0 = Release|x64
		{92DE9054-BD7A-4D35-9E87-1B48C3F892FE}.Debug|Win32.ActiveCfg = Debug|Win32
		{92DE9054-BD7A-4D35-9E87-1B48C3F892FE}.Debug|Win32.Build.0 = Debug|Win32
		{92DE9054-BD7A-4D35-9E87-1B48C3F892FE}.Debug|x64.ActiveCfg = Debug|Win32
		{92DE9054-BD7A-4D35-9E87-1B48C3F892FE}.Release|Win32.ActiveCfg = Release|Win32
		{92DE9054-BD7A-4D35-9E87-1B48C3F892FE}.Release|Win32.Build.0 = Release|Win32
		{92DE9054-BD7A-4D35-9E87-1B48C3F892FE}.Release|x64.ActiveCfg = Release|Win32
		{190BD1FD-37A3-4DC6-9CD8-D03599C2D86D}.Debug|Win32.ActiveCfg = Debug|Win32
		{190BD1FD-37A3-4DC6-9CD8-D03599C2D86D}.Debug|Win32.Build.0 = Debug|Win32
		{190BD1FD-37A3-4DC6-9CD8-D03599C2D86D}.Debug|x64.ActiveCfg = Debug|Win32
		{190BD1FD-37A3-4DC6-9CD8-D03599C2D86D}.Release|Win32.ActiveCfg = Release|Win32
		{190BD1FD-37A3-4DC6-9CD8-D03599C2D86D}.Release|Win32.Build.0 = Release|Win32
		{190BD1FD-37A3-4DC6-9CD8-D03599C2D86D}.Release|x64.ActiveCfg = Release|Win32
		{5543499A-FFF7-4FE4-9411-8DCE060F1E36}.Debug|Win32.ActiveCfg = Debug|Win32
		{5543499A-FFF7-4FE4-9411-8DCE060F1E36}.Debug|Win32.Build.0 = Debug|Win32
		{5543499A-FFF7-4FE4-9411-8DCE060F1E36}.Debug|x64.ActiveCfg = Debug|Win32
		{5543499A-FFF7-4FE4-9411-8DCE060F1E36}.Release|Win32.ActiveCfg = Release|Win32
		{5543499A-FFF7-4FE4-9411-8DCE060F1E36}.Release|Win32.Build.0 = Release|Win32
		{5543499A-FFF7-4FE4-9411-8DCE060F1E36}.Release|x64.ActiveCfg = Release|Win32
		{04B72AD0-A0B3-43C5-A44B-5035FEF37A10}.Debug|Win32.ActiveCfg = Debug|Win32
		{04B72AD0-A0B3-43C5-A44B-5035FEF37A10}.Debug|Win32.Build.0 = Debug|Win32
		{04B72AD0-A0B3-43C5-A44B-5035FEF37A10}.Debug|x64.ActiveCfg = Debug|Win32
		{04B72AD0-A0B3-43C5-A44B-5035FEF37A10}.Release|Win32.ActiveCfg = Release|Win32
		{04B72AD0-A0B3-43C5-A44B-5035FEF37A10}.Release|Win32.Build.0 = Release|Win32
		{04B72AD0-A0B3-43C5-A44B-5035FEF37A10}.Release|x64.ActiveCfg = Release|Win32
	EndGlobalSection
	GlobalSection(SolutionProperties) = preSolution
		HideSolutionNode = FALSE
	EndGlobalSection
	GlobalSection(NestedProjects) = preSolution
		{5543499A-FFF7-4FE4-9411-8DCE060F1E36} = {1E79BA3E-996A-4511-B5A8-1D438F8ADF70}
		{04B72AD0-A0B3-43C5-A44B-5035FEF37A10} = {1E79BA3E-996A-4511-B5A8-1D438F8ADF70}
	EndGlobalSection
	GlobalSection(ExtensibilityGlobals) = postSolution
		AMDCaProjectFile = G:\devel\projects\private\bonkenc\msvc\BonkEnc\CodeAnalyst\BonkEnc.caw
	EndGlobalSection
EndGlobal
